
Microsoft Visual Studio Solution File, Format Version 12.00
# Visual Studio Version 17
VisualStudioVersion = 17.6.33815.320
MinimumVisualStudioVersion = 10.0.40219.1
Project("{FAE04EC0-301F-11D3-BF4B-00C04F79EFBC}") = "ClassIdentityDemo", "ClassIdentityDemo.csproj", "{56BB962D-B792-4E87-9657-A0E8623124AD}"
EndProject
Global
	GlobalSection(SolutionConfigurationPlatforms) = preSolution
		Debug|Any CPU = Debug|Any CPU
		Release|Any CPU = Release|Any CPU
	EndGlobalSection
	GlobalSection(ProjectConfigurationPlatforms) = postSolution
		{56BB962D-B792-4E87-9657-A0E8623124AD}.Debug|Any CPU.ActiveCfg = Debug|Any CPU
		{56BB962D-B792-4E87-9657-A0E8623124AD}.Debug|Any CPU.Build.0 = Debug|Any CPU
		{56BB962D-B792-4E87-9657-A0E8623124AD}.Release|Any CPU.ActiveCfg = Release|Any CPU
		{56BB962D-B792-4E87-9657-A0E8623124AD}.Release|Any CPU.Build.0 = Release|Any CPU
	EndGlobalSection
	GlobalSection(SolutionProperties) = preSolution
		HideSolutionNode = FALSE
	EndGlobalSection
	GlobalSection(ExtensibilityGlobals) = postSolution
		SolutionGuid = {4926E7F1-2737-40A5-9A74-8099685E41CC}
	EndGlobalSection
EndGlobal
